
Microsoft Visual Studio Solution File, Format Version 12.00
# Visual Studio Version 16
VisualStudioVersion = 16.0.30413.136
MinimumVisualStudioVersion = 10.0.40219.1
Project("{FAE04EC0-301F-11D3-BF4B-00C04F79EFBC}") = "OttersUK", "OttersUK\OttersUK.csproj", "{513E8185-DE9E-4392-967C-D188FA247596}"
EndProject
Global
	GlobalSection(SolutionConfigurationPlatforms) = preSolution
		Debug|Any CPU = Debug|Any CPU
		Release|Any CPU = Release|Any CPU
	EndGlobalSection
	GlobalSection(ProjectConfigurationPlatforms) = postSolution
		{513E8185-DE9E-4392-967C-D188FA247596}.Debug|Any CPU.ActiveCfg = Debug|Any CPU
		{513E8185-DE9E-4392-967C-D188FA247596}.Debug|Any CPU.Build.0 = Debug|Any CPU
		{513E8185-DE9E-4392-967C-D188FA247596}.Release|Any CPU.ActiveCfg = Release|Any CPU
		{513E8185-DE9E-4392-967C-D188FA247596}.Release|Any CPU.Build.0 = Release|Any CPU
	EndGlobalSection
	GlobalSection(SolutionProperties) = preSolution
		HideSolutionNode = FALSE
	EndGlobalSection
	GlobalSection(ExtensibilityGlobals) = postSolution
		SolutionGuid = {B1E47BE2-C241-471C-AF44-D671EBC21C3C}
	EndGlobalSection
EndGlobal
